
Microsoft Visual Studio Solution File, Format Version 12.00
# Visual Studio 15
VisualStudioVersion = 15.0.27130.2003
MinimumVisualStudioVersion = 10.0.40219.1
Project("{FAE04EC0-301F-11D3-BF4B-00C04F79EFBC}") = "Sample.Parallel.ConsoleApp", "Sample.Parallel.ConsoleApp\Sample.Parallel.ConsoleApp.csproj", "{B1131C40-896A-4BDD-B7A8-4A1DB9F34617}"
EndProject
Global
	GlobalSection(SolutionConfigurationPlatforms) = preSolution
		Debug|Any CPU = Debug|Any CPU
		Release|Any CPU = Release|Any CPU
	EndGlobalSection
	GlobalSection(ProjectConfigurationPlatforms) = postSolution
		{B1131C40-896A-4BDD-B7A8-4A1DB9F34617}.Debug|Any CPU.ActiveCfg = Debug|Any CPU
		{B1131C40-896A-4BDD-B7A8-4A1DB9F34617}.Debug|Any CPU.Build.0 = Debug|Any CPU
		{B1131C40-896A-4BDD-B7A8-4A1DB9F34617}.Release|Any CPU.ActiveCfg = Release|Any CPU
		{B1131C40-896A-4BDD-B7A8-4A1DB9F34617}.Release|Any CPU.Build.0 = Release|Any CPU
	EndGlobalSection
	GlobalSection(SolutionProperties) = preSolution
		HideSolutionNode = FALSE
	EndGlobalSection
	GlobalSection(ExtensibilityGlobals) = postSolution
		SolutionGuid = {5FA517A6-8380-4B84-B860-36BC070D8382}
	EndGlobalSection
EndGlobal
